
Microsoft Visual Studio Solution File, Format Version 12.00
# Visual Studio Version 16
VisualStudioVersion = 16.0.29409.12
MinimumVisualStudioVersion = 10.0.40219.1
Project("{FAE04EC0-301F-11D3-BF4B-00C04F79EFBC}") = "Cwiczenia Lis", "Cwiczenia Lis.csproj", "{249868AA-A2CA-4B19-B371-A1837DED2C60}"
EndProject
Global
	GlobalSection(SolutionConfigurationPlatforms) = preSolution
		Debug|Any CPU = Debug|Any CPU
		Release|Any CPU = Release|Any CPU
	EndGlobalSection
	GlobalSection(ProjectConfigurationPlatforms) = postSolution
		{249868AA-A2CA-4B19-B371-A1837DED2C60}.Debug|Any CPU.ActiveCfg = Debug|Any CPU
		{249868AA-A2CA-4B19-B371-A1837DED2C60}.Debug|Any CPU.Build.0 = Debug|Any CPU
		{249868AA-A2CA-4B19-B371-A1837DED2C60}.Release|Any CPU.ActiveCfg = Release|Any CPU
		{249868AA-A2CA-4B19-B371-A1837DED2C60}.Release|Any CPU.Build.0 = Release|Any CPU
	EndGlobalSection
	GlobalSection(SolutionProperties) = preSolution
		HideSolutionNode = FALSE
	EndGlobalSection
	GlobalSection(ExtensibilityGlobals) = postSolution
		SolutionGuid = {155150C7-DEB1-40DD-8A84-48BA61046EE2}
	EndGlobalSection
EndGlobal
